
Microsoft Visual Studio Solution File, Format Version 12.00
# Visual Studio Version 17
VisualStudioVersion = 17.9.34607.119
MinimumVisualStudioVersion = 10.0.40219.1
Project("{FAE04EC0-301F-11D3-BF4B-00C04F79EFBC}") = "ControleBancario", "ControleBancario\ControleBancario.csproj", "{694F3698-6479-4D9E-80BB-4279B70158FE}"
EndProject
Global
	GlobalSection(SolutionConfigurationPlatforms) = preSolution
		Debug|Any CPU = Debug|Any CPU
		Release|Any CPU = Release|Any CPU
	EndGlobalSection
	GlobalSection(ProjectConfigurationPlatforms) = postSolution
		{694F3698-6479-4D9E-80BB-4279B70158FE}.Debug|Any CPU.ActiveCfg = Debug|Any CPU
		{694F3698-6479-4D9E-80BB-4279B70158FE}.Debug|Any CPU.Build.0 = Debug|Any CPU
		{694F3698-6479-4D9E-80BB-4279B70158FE}.Release|Any CPU.ActiveCfg = Release|Any CPU
		{694F3698-6479-4D9E-80BB-4279B70158FE}.Release|Any CPU.Build.0 = Release|Any CPU
	EndGlobalSection
	GlobalSection(SolutionProperties) = preSolution
		HideSolutionNode = FALSE
	EndGlobalSection
	GlobalSection(ExtensibilityGlobals) = postSolution
		SolutionGuid = {316DEF8F-D6B6-4A95-9E95-F4F1F1E3C358}
	EndGlobalSection
EndGlobal
